// !$*UTF8*$!
{
	archiveVersion = 1;
	classes = {
	};
	objectVersion = 51;
	objects = {

/* Begin PBXBuildFile section */
		1254A20922B50D32005576AB /* CallQueueViewController.swift in Sources */ = {isa = PBXBuildFile; fileRef = 1254A20822B50D32005576AB /* CallQueueViewController.swift */; };
		1254A20B22B53A00005576AB /* CallQueueCell.swift in Sources */ = {isa = PBXBuildFile; fileRef = 1254A20A22B53A00005576AB /* CallQueueCell.swift */; };
		1254A20D22B54C58005576AB /* QueuedConversation.swift in Sources */ = {isa = PBXBuildFile; fileRef = 1254A20C22B54C58005576AB /* QueuedConversation.swift */; };
		12D0ACF32279EDF3009D1CF7 /* AppDelegate.swift in Sources */ = {isa = PBXBuildFile; fileRef = 12D0ACF22279EDF3009D1CF7 /* AppDelegate.swift */; };
		12D0ACF82279EDF3009D1CF7 /* Main.storyboard in Resources */ = {isa = PBXBuildFile; fileRef = 12D0ACF62279EDF3009D1CF7 /* Main.storyboard */; };
		12D0ACFA2279EDF3009D1CF7 /* Assets.xcassets in Resources */ = {isa = PBXBuildFile; fileRef = 12D0ACF92279EDF3009D1CF7 /* Assets.xcassets */; };
		12D0ACFD2279EDF3009D1CF7 /* LaunchScreen.storyboard in Resources */ = {isa = PBXBuildFile; fileRef = 12D0ACFB2279EDF3009D1CF7 /* LaunchScreen.storyboard */; };
		12D0AD082279F11C009D1CF7 /* ApiClient.swift in Sources */ = {isa = PBXBuildFile; fileRef = 12D0AD052279F11C009D1CF7 /* ApiClient.swift */; };
		12D0AD092279F11C009D1CF7 /* Constants.swift in Sources */ = {isa = PBXBuildFile; fileRef = 12D0AD062279F11C009D1CF7 /* Constants.swift */; };
		12D0AD0A2279F11C009D1CF7 /* NexmoUser.swift in Sources */ = {isa = PBXBuildFile; fileRef = 12D0AD072279F11C009D1CF7 /* NexmoUser.swift */; };
		12D0AD0C2279F200009D1CF7 /* UserSelectionViewController.swift in Sources */ = {isa = PBXBuildFile; fileRef = 12D0AD0B2279F200009D1CF7 /* UserSelectionViewController.swift */; };
		12D0AD0E2279F4AB009D1CF7 /* MainViewController.swift in Sources */ = {isa = PBXBuildFile; fileRef = 12D0AD0D2279F4AB009D1CF7 /* MainViewController.swift */; };
		12D0AD102279FB96009D1CF7 /* NexmoClientExtensions.swift in Sources */ = {isa = PBXBuildFile; fileRef = 12D0AD0F2279FB96009D1CF7 /* NexmoClientExtensions.swift */; };
		740C534202487308872E8D13 /* Pods_ContactCenter.framework in Frameworks */ = {isa = PBXBuildFile; fileRef = 1FFB53C4CA162FFD772D2CA8 /* Pods_ContactCenter.framework */; };
/* End PBXBuildFile section */

/* Begin PBXFileReference section */
		1254A20822B50D32005576AB /* CallQueueViewController.swift */ = {isa = PBXFileReference; lastKnownFileType = sourcecode.swift; path = CallQueueViewController.swift; sourceTree = "<group>"; };
		1254A20A22B53A00005576AB /* CallQueueCell.swift */ = {isa = PBXFileReference; lastKnownFileType = sourcecode.swift; path = CallQueueCell.swift; sourceTree = "<group>"; };
		1254A20C22B54C58005576AB /* QueuedConversation.swift */ = {isa = PBXFileReference; lastKnownFileType = sourcecode.swift; path = QueuedConversation.swift; sourceTree = "<group>"; };
		12D0ACEF2279EDF3009D1CF7 /* ContactCenter.app */ = {isa = PBXFileReference; explicitFileType = wrapper.application; includeInIndex = 0; path = ContactCenter.app; sourceTree = BUILT_PRODUCTS_DIR; };
		12D0ACF22279EDF3009D1CF7 /* AppDelegate.swift */ = {isa = PBXFileReference; lastKnownFileType = sourcecode.swift; path = AppDelegate.swift; sourceTree = "<group>"; };
		12D0ACF72279EDF3009D1CF7 /* Base */ = {isa = PBXFileReference; lastKnownFileType = file.storyboard; name = Base; path = Base.lproj/Main.storyboard; sourceTree = "<group>"; };
		12D0ACF92279EDF3009D1CF7 /* Assets.xcassets */ = {isa = PBXFileReference; lastKnownFileType = folder.assetcatalog; path = Assets.xcassets; sourceTree = "<group>"; };
		12D0ACFC2279EDF3009D1CF7 /* Base */ = {isa = PBXFileReference; lastKnownFileType = file.storyboard; name = Base; path = Base.lproj/LaunchScreen.storyboard; sourceTree = "<group>"; };
		12D0ACFE2279EDF3009D1CF7 /* Info.plist */ = {isa = PBXFileReference; lastKnownFileType = text.plist.xml; path = Info.plist; sourceTree = "<group>"; };
		12D0AD052279F11C009D1CF7 /* ApiClient.swift */ = {isa = PBXFileReference; fileEncoding = 4; lastKnownFileType = sourcecode.swift; path = ApiClient.swift; sourceTree = "<group>"; };
		12D0AD062279F11C009D1CF7 /* Constants.swift */ = {isa = PBXFileReference; fileEncoding = 4; lastKnownFileType = sourcecode.swift; path = Constants.swift; sourceTree = "<group>"; };
		12D0AD072279F11C009D1CF7 /* NexmoUser.swift */ = {isa = PBXFileReference; fileEncoding = 4; lastKnownFileType = sourcecode.swift; path = NexmoUser.swift; sourceTree = "<group>"; };
		12D0AD0B2279F200009D1CF7 /* UserSelectionViewController.swift */ = {isa = PBXFileReference; lastKnownFileType = sourcecode.swift; path = UserSelectionViewController.swift; sourceTree = "<group>"; };
		12D0AD0D2279F4AB009D1CF7 /* MainViewController.swift */ = {isa = PBXFileReference; lastKnownFileType = sourcecode.swift; path = MainViewController.swift; sourceTree = "<group>"; };
		12D0AD0F2279FB96009D1CF7 /* NexmoClientExtensions.swift */ = {isa = PBXFileReference; fileEncoding = 4; lastKnownFileType = sourcecode.swift; path = NexmoClientExtensions.swift; sourceTree = "<group>"; };
		1FFB53C4CA162FFD772D2CA8 /* Pods_ContactCenter.framework */ = {isa = PBXFileReference; explicitFileType = wrapper.framework; includeInIndex = 0; path = Pods_ContactCenter.framework; sourceTree = BUILT_PRODUCTS_DIR; };
		4C9E86656A1C50756264B80D /* Pods-ContactCenter.debug.xcconfig */ = {isa = PBXFileReference; includeInIndex = 1; lastKnownFileType = text.xcconfig; name = "Pods-ContactCenter.debug.xcconfig"; path = "Pods/Target Support Files/Pods-ContactCenter/Pods-ContactCenter.debug.xcconfig"; sourceTree = "<group>"; };
		A1E3133E52006410E0BC061E /* Pods-ContactCenter.release.xcconfig */ = {isa = PBXFileReference; includeInIndex = 1; lastKnownFileType = text.xcconfig; name = "Pods-ContactCenter.release.xcconfig"; path = "Pods/Target Support Files/Pods-ContactCenter/Pods-ContactCenter.release.xcconfig"; sourceTree = "<group>"; };
/* End PBXFileReference section */

/* Begin PBXFrameworksBuildPhase section */
		12D0ACEC2279EDF3009D1CF7 /* Frameworks */ = {
			isa = PBXFrameworksBuildPhase;
			buildActionMask = 2147483647;
			files = (
				740C534202487308872E8D13 /* Pods_ContactCenter.framework in Frameworks */,
			);
			runOnlyForDeploymentPostprocessing = 0;
		};
/* End PBXFrameworksBuildPhase section */

/* Begin PBXGroup section */
		12D0ACE62279EDF3009D1CF7 = {
			isa = PBXGroup;
			children = (
				12D0ACF12279EDF3009D1CF7 /* ContactCenter */,
				12D0ACF02279EDF3009D1CF7 /* Products */,
				74FAA61A7B635F6E1000DA11 /* Pods */,
				EFCEA090BF98EB44536E3BDD /* Frameworks */,
			);
			sourceTree = "<group>";
		};
		12D0ACF02279EDF3009D1CF7 /* Products */ = {
			isa = PBXGroup;
			children = (
				12D0ACEF2279EDF3009D1CF7 /* ContactCenter.app */,
			);
			name = Products;
			sourceTree = "<group>";
		};
		12D0ACF12279EDF3009D1CF7 /* ContactCenter */ = {
			isa = PBXGroup;
			children = (
				12D0AD062279F11C009D1CF7 /* Constants.swift */,
				12D0ACFE2279EDF3009D1CF7 /* Info.plist */,
				12D0ACF92279EDF3009D1CF7 /* Assets.xcassets */,
				12D0ACFB2279EDF3009D1CF7 /* LaunchScreen.storyboard */,
				12D0ACF22279EDF3009D1CF7 /* AppDelegate.swift */,
				12D0ACF62279EDF3009D1CF7 /* Main.storyboard */,
				12D0AD0F2279FB96009D1CF7 /* NexmoClientExtensions.swift */,
				12D0AD0B2279F200009D1CF7 /* UserSelectionViewController.swift */,
				12D0AD0D2279F4AB009D1CF7 /* MainViewController.swift */,
				1254A20822B50D32005576AB /* CallQueueViewController.swift */,
				1254A20C22B54C58005576AB /* QueuedConversation.swift */,
				1254A20A22B53A00005576AB /* CallQueueCell.swift */,
				12D0AD042279F106009D1CF7 /* APIs */,
			);
			path = ContactCenter;
			sourceTree = "<group>";
		};
		12D0AD042279F106009D1CF7 /* APIs */ = {
			isa = PBXGroup;
			children = (
				12D0AD052279F11C009D1CF7 /* ApiClient.swift */,
				12D0AD072279F11C009D1CF7 /* NexmoUser.swift */,
			);
			path = APIs;
			sourceTree = "<group>";
		};
		74FAA61A7B635F6E1000DA11 /* Pods */ = {
			isa = PBXGroup;
			children = (
				4C9E86656A1C50756264B80D /* Pods-ContactCenter.debug.xcconfig */,
				A1E3133E52006410E0BC061E /* Pods-ContactCenter.release.xcconfig */,
			);
			name = Pods;
			sourceTree = "<group>";
		};
		EFCEA090BF98EB44536E3BDD /* Frameworks */ = {
			isa = PBXGroup;
			children = (
				1FFB53C4CA162FFD772D2CA8 /* Pods_ContactCenter.framework */,
			);
			name = Frameworks;
			sourceTree = "<group>";
		};
/* End PBXGroup section */

/* Begin PBXNativeTarget section */
		12D0ACEE2279EDF3009D1CF7 /* ContactCenter */ = {
			isa = PBXNativeTarget;
			buildConfigurationList = 12D0AD012279EDF3009D1CF7 /* Build configuration list for PBXNativeTarget "ContactCenter" */;
			buildPhases = (
				EFD3DA28B1D926FC61F3843F /* [CP] Check Pods Manifest.lock */,
				12D0ACEB2279EDF3009D1CF7 /* Sources */,
				12D0ACEC2279EDF3009D1CF7 /* Frameworks */,
				12D0ACED2279EDF3009D1CF7 /* Resources */,
				0D270CF70DB5D2FAAFC9BE4D /* [CP] Embed Pods Frameworks */,
			);
			buildRules = (
			);
			dependencies = (
			);
			name = ContactCenter;
			productName = ContactCenter;
			productReference = 12D0ACEF2279EDF3009D1CF7 /* ContactCenter.app */;
			productType = "com.apple.product-type.application";
		};
/* End PBXNativeTarget section */

/* Begin PBXProject section */
		12D0ACE72279EDF3009D1CF7 /* Project object */ = {
			isa = PBXProject;
			attributes = {
				LastSwiftUpdateCheck = 1020;
				LastUpgradeCheck = 1020;
				ORGANIZATIONNAME = Nexmo;
				TargetAttributes = {
					12D0ACEE2279EDF3009D1CF7 = {
						CreatedOnToolsVersion = 10.2.1;
					};
				};
			};
			buildConfigurationList = 12D0ACEA2279EDF3009D1CF7 /* Build configuration list for PBXProject "ContactCenter" */;
			compatibilityVersion = "Xcode 9.3";
			developmentRegion = en;
			hasScannedForEncodings = 0;
			knownRegions = (
				en,
				Base,
			);
			mainGroup = 12D0ACE62279EDF3009D1CF7;
			productRefGroup = 12D0ACF02279EDF3009D1CF7 /* Products */;
			projectDirPath = "";
			projectRoot = "";
			targets = (
				12D0ACEE2279EDF3009D1CF7 /* ContactCenter */,
			);
		};
/* End PBXProject section */

/* Begin PBXResourcesBuildPhase section */
		12D0ACED2279EDF3009D1CF7 /* Resources */ = {
			isa = PBXResourcesBuildPhase;
			buildActionMask = 2147483647;
			files = (
				12D0ACFD2279EDF3009D1CF7 /* LaunchScreen.storyboard in Resources */,
				12D0ACFA2279EDF3009D1CF7 /* Assets.xcassets in Resources */,
				12D0ACF82279EDF3009D1CF7 /* Main.storyboard in Resources */,
			);
			runOnlyForDeploymentPostprocessing = 0;
		};
/* End PBXResourcesBuildPhase section */

/* Begin PBXShellScriptBuildPhase section */
		0D270CF70DB5D2FAAFC9BE4D /* [CP] Embed Pods Frameworks */ = {
			isa = PBXShellScriptBuildPhase;
			buildActionMask = 2147483647;
			files = (
			);
			inputFileListPaths = (
				"${PODS_ROOT}/Target Support Files/Pods-ContactCenter/Pods-ContactCenter-frameworks-${CONFIGURATION}-input-files.xcfilelist",
			);
			name = "[CP] Embed Pods Frameworks";
			outputFileListPaths = (
				"${PODS_ROOT}/Target Support Files/Pods-ContactCenter/Pods-ContactCenter-frameworks-${CONFIGURATION}-output-files.xcfilelist",
			);
			runOnlyForDeploymentPostprocessing = 0;
			shellPath = /bin/sh;
			shellScript = "\"${PODS_ROOT}/Target Support Files/Pods-ContactCenter/Pods-ContactCenter-frameworks.sh\"\n";
			showEnvVarsInLog = 0;
		};
		EFD3DA28B1D926FC61F3843F /* [CP] Check Pods Manifest.lock */ = {
			isa = PBXShellScriptBuildPhase;
			buildActionMask = 2147483647;
			files = (
			);
			inputFileListPaths = (
			);
			inputPaths = (
				"${PODS_PODFILE_DIR_PATH}/Podfile.lock",
				"${PODS_ROOT}/Manifest.lock",
			);
			name = "[CP] Check Pods Manifest.lock";
			outputFileListPaths = (
			);
			outputPaths = (
				"$(DERIVED_FILE_DIR)/Pods-ContactCenter-checkManifestLockResult.txt",
			);
			runOnlyForDeploymentPostprocessing = 0;
			shellPath = /bin/sh;
			shellScript = "diff \"${PODS_PODFILE_DIR_PATH}/Podfile.lock\" \"${PODS_ROOT}/Manifest.lock\" > /dev/null\nif [ $? != 0 ] ; then\n    # print error to STDERR\n    echo \"error: The sandbox is not in sync with the Podfile.lock. Run 'pod install' or update your CocoaPods installation.\" >&2\n    exit 1\nfi\n# This output is used by Xcode 'outputs' to avoid re-running this script phase.\necho \"SUCCESS\" > \"${SCRIPT_OUTPUT_FILE_0}\"\n";
			showEnvVarsInLog = 0;
		};
/* End PBXShellScriptBuildPhase section */

/* Begin PBXSourcesBuildPhase section */
		12D0ACEB2279EDF3009D1CF7 /* Sources */ = {
			isa = PBXSourcesBuildPhase;
			buildActionMask = 2147483647;
			files = (
				12D0ACF32279EDF3009D1CF7 /* AppDelegate.swift in Sources */,
				1254A20D22B54C58005576AB /* QueuedConversation.swift in Sources */,
				1254A20B22B53A00005576AB /* CallQueueCell.swift in Sources */,
				12D0AD0A2279F11C009D1CF7 /* NexmoUser.swift in Sources */,
				12D0AD082279F11C009D1CF7 /* ApiClient.swift in Sources */,
				12D0AD0E2279F4AB009D1CF7 /* MainViewController.swift in Sources */,
				1254A20922B50D32005576AB /* CallQueueViewController.swift in Sources */,
				12D0AD092279F11C009D1CF7 /* Constants.swift in Sources */,
				12D0AD102279FB96009D1CF7 /* NexmoClientExtensions.swift in Sources */,
				12D0AD0C2279F200009D1CF7 /* UserSelectionViewController.swift in Sources */,
			);
			runOnlyForDeploymentPostprocessing = 0;
		};
/* End PBXSourcesBuildPhase section */

/* Begin PBXVariantGroup section */
		12D0ACF62279EDF3009D1CF7 /* Main.storyboard */ = {
			isa = PBXVariantGroup;
			children = (
				12D0ACF72279EDF3009D1CF7 /* Base */,
			);
			name = Main.storyboard;
			sourceTree = "<group>";
		};
		12D0ACFB2279EDF3009D1CF7 /* LaunchScreen.storyboard */ = {
			isa = PBXVariantGroup;
			children = (
				12D0ACFC2279EDF3009D1CF7 /* Base */,
			);
			name = LaunchScreen.storyboard;
			sourceTree = "<group>";
		};
/* End PBXVariantGroup section */

/* Begin XCBuildConfiguration section */
		12D0ACFF2279EDF3009D1CF7 /* Debug */ = {
			isa = XCBuildConfiguration;
			buildSettings = {
				ALWAYS_SEARCH_USER_PATHS = NO;
				CLANG_ANALYZER_NONNULL = YES;
				CLANG_ANALYZER_NUMBER_OBJECT_CONVERSION = YES_AGGRESSIVE;
				CLANG_CXX_LANGUAGE_STANDARD = "gnu++14";
				CLANG_CXX_LIBRARY = "libc++";
				CLANG_ENABLE_MODULES = YES;
				CLANG_ENABLE_OBJC_ARC = YES;
				CLANG_ENABLE_OBJC_WEAK = YES;
				CLANG_WARN_BLOCK_CAPTURE_AUTORELEASING = YES;
				CLANG_WARN_BOOL_CONVERSION = YES;
				CLANG_WARN_COMMA = YES;
				CLANG_WARN_CONSTANT_CONVERSION = YES;
				CLANG_WARN_DEPRECATED_OBJC_IMPLEMENTATIONS = YES;
				CLANG_WARN_DIRECT_OBJC_ISA_USAGE = YES_ERROR;
				CLANG_WARN_DOCUMENTATION_COMMENTS = YES;
				CLANG_WARN_EMPTY_BODY = YES;
				CLANG_WARN_ENUM_CONVERSION = YES;
				CLANG_WARN_INFINITE_RECURSION = YES;
				CLANG_WARN_INT_CONVERSION = YES;
				CLANG_WARN_NON_LITERAL_NULL_CONVERSION = YES;
				CLANG_WARN_OBJC_IMPLICIT_RETAIN_SELF = YES;
				CLANG_WARN_OBJC_LITERAL_CONVERSION = YES;
				CLANG_WARN_OBJC_ROOT_CLASS = YES_ERROR;
				CLANG_WARN_RANGE_LOOP_ANALYSIS = YES;
				CLANG_WARN_STRICT_PROTOTYPES = YES;
				CLANG_WARN_SUSPICIOUS_MOVE = YES;
				CLANG_WARN_UNGUARDED_AVAILABILITY = YES_AGGRESSIVE;
				CLANG_WARN_UNREACHABLE_CODE = YES;
				CLANG_WARN__DUPLICATE_METHOD_MATCH = YES;
				CODE_SIGN_IDENTITY = "iPhone Developer";
				COPY_PHASE_STRIP = NO;
				DEBUG_INFORMATION_FORMAT = dwarf;
				ENABLE_STRICT_OBJC_MSGSEND = YES;
				ENABLE_TESTABILITY = YES;
				GCC_C_LANGUAGE_STANDARD = gnu11;
				GCC_DYNAMIC_NO_PIC = NO;
				GCC_NO_COMMON_BLOCKS = YES;
				GCC_OPTIMIZATION_LEVEL = 0;
				GCC_PREPROCESSOR_DEFINITIONS = (
					"DEBUG=1",
					"$(inherited)",
				);
				GCC_WARN_64_TO_32_BIT_CONVERSION = YES;
				GCC_WARN_ABOUT_RETURN_TYPE = YES_ERROR;
				GCC_WARN_UNDECLARED_SELECTOR = YES;
				GCC_WARN_UNINITIALIZED_AUTOS = YES_AGGRESSIVE;
				GCC_WARN_UNUSED_FUNCTION = YES;
				GCC_WARN_UNUSED_VARIABLE = YES;
				IPHONEOS_DEPLOYMENT_TARGET = 12.2;
				MTL_ENABLE_DEBUG_INFO = INCLUDE_SOURCE;
				MTL_FAST_MATH = YES;
				ONLY_ACTIVE_ARCH = YES;
				SDKROOT = iphoneos;
				SWIFT_ACTIVE_COMPILATION_CONDITIONS = DEBUG;
				SWIFT_OPTIMIZATION_LEVEL = "-Onone";
			};
			name = Debug;
		};
		12D0AD002279EDF3009D1CF7 /* Release */ = {
			isa = XCBuildConfiguration;
			buildSettings = {
				ALWAYS_SEARCH_USER_PATHS = NO;
				CLANG_ANALYZER_NONNULL = YES;
				CLANG_ANALYZER_NUMBER_OBJECT_CONVERSION = YES_AGGRESSIVE;
				CLANG_CXX_LANGUAGE_STANDARD = "gnu++14";
				CLANG_CXX_LIBRARY = "libc++";
				CLANG_ENABLE_MODULES = YES;
				CLANG_ENABLE_OBJC_ARC = YES;
				CLANG_ENABLE_OBJC_WEAK = YES;
				CLANG_WARN_BLOCK_CAPTURE_AUTORELEASING = YES;
				CLANG_WARN_BOOL_CONVERSION = YES;
				CLANG_WARN_COMMA = YES;
				CLANG_WARN_CONSTANT_CONVERSION = YES;
				CLANG_WARN_DEPRECATED_OBJC_IMPLEMENTATIONS = YES;
				CLANG_WARN_DIRECT_OBJC_ISA_USAGE = YES_ERROR;
				CLANG_WARN_DOCUMENTATION_COMMENTS = YES;
				CLANG_WARN_EMPTY_BODY = YES;
				CLANG_WARN_ENUM_CONVERSION = YES;
				CLANG_WARN_INFINITE_RECURSION = YES;
				CLANG_WARN_INT_CONVERSION = YES;
				CLANG_WARN_NON_LITERAL_NULL_CONVERSION = YES;
				CLANG_WARN_OBJC_IMPLICIT_RETAIN_SELF = YES;
				CLANG_WARN_OBJC_LITERAL_CONVERSION = YES;
				CLANG_WARN_OBJC_ROOT_CLASS = YES_ERROR;
				CLANG_WARN_RANGE_LOOP_ANALYSIS = YES;
				CLANG_WARN_STRICT_PROTOTYPES = YES;
				CLANG_WARN_SUSPICIOUS_MOVE = YES;
				CLANG_WARN_UNGUARDED_AVAILABILITY = YES_AGGRESSIVE;
				CLANG_WARN_UNREACHABLE_CODE = YES;
				CLANG_WARN__DUPLICATE_METHOD_MATCH = YES;
				CODE_SIGN_IDENTITY = "iPhone Developer";
				COPY_PHASE_STRIP = NO;
				DEBUG_INFORMATION_FORMAT = "dwarf-with-dsym";
				ENABLE_NS_ASSERTIONS = NO;
				ENABLE_STRICT_OBJC_MSGSEND = YES;
				GCC_C_LANGUAGE_STANDARD = gnu11;
				GCC_NO_COMMON_BLOCKS = YES;
				GCC_WARN_64_TO_32_BIT_CONVERSION = YES;
				GCC_WARN_ABOUT_RETURN_TYPE = YES_ERROR;
				GCC_WARN_UNDECLARED_SELECTOR = YES;
				GCC_WARN_UNINITIALIZED_AUTOS = YES_AGGRESSIVE;
				GCC_WARN_UNUSED_FUNCTION = YES;
				GCC_WARN_UNUSED_VARIABLE = YES;
				IPHONEOS_DEPLOYMENT_TARGET = 12.2;
				MTL_ENABLE_DEBUG_INFO = NO;
				MTL_FAST_MATH = YES;
				SDKROOT = iphoneos;
				SWIFT_COMPILATION_MODE = wholemodule;
				SWIFT_OPTIMIZATION_LEVEL = "-O";
				VALIDATE_PRODUCT = YES;
			};
			name = Release;
		};
		12D0AD022279EDF3009D1CF7 /* Debug */ = {
			isa = XCBuildConfiguration;
			baseConfigurationReference = 4C9E86656A1C50756264B80D /* Pods-ContactCenter.debug.xcconfig */;
			buildSettings = {
				ASSETCATALOG_COMPILER_APPICON_NAME = AppIcon;
				CODE_SIGN_STYLE = Automatic;
				DEVELOPMENT_TEAM = A3M5MVSF5Z;
				ENABLE_BITCODE = NO;
				INFOPLIST_FILE = ContactCenter/Info.plist;
				LD_RUNPATH_SEARCH_PATHS = (
					"$(inherited)",
					"@executable_path/Frameworks",
				);
				PRODUCT_BUNDLE_IDENTIFIER = com.nexmo.ContactCenter;
				PRODUCT_NAME = "$(TARGET_NAME)";
				SWIFT_VERSION = 5.0;
				TARGETED_DEVICE_FAMILY = "1,2";
			};
			name = Debug;
		};
		12D0AD032279EDF3009D1CF7 /* Release */ = {
			isa = XCBuildConfiguration;
			baseConfigurationReference = A1E3133E52006410E0BC061E /* Pods-ContactCenter.release.xcconfig */;
			buildSettings = {
				ASSETCATALOG_COMPILER_APPICON_NAME = AppIcon;
				CODE_SIGN_STYLE = Automatic;
				DEVELOPMENT_TEAM = A3M5MVSF5Z;
				ENABLE_BITCODE = NO;
				INFOPLIST_FILE = ContactCenter/Info.plist;
				LD_RUNPATH_SEARCH_PATHS = (
					"$(inherited)",
					"@executable_path/Frameworks",
				);
				PRODUCT_BUNDLE_IDENTIFIER = com.nexmo.ContactCenter;
				PRODUCT_NAME = "$(TARGET_NAME)";
				SWIFT_VERSION = 5.0;
				TARGETED_DEVICE_FAMILY = "1,2";
			};
			name = Release;
		};
/* End XCBuildConfiguration section */

/* Begin XCConfigurationList section */
		12D0ACEA2279EDF3009D1CF7 /* Build configuration list for PBXProject "ContactCenter" */ = {
			isa = XCConfigurationList;
			buildConfigurations = (
				12D0ACFF2279EDF3009D1CF7 /* Debug */,
				12D0AD002279EDF3009D1CF7 /* Release */,
			);
			defaultConfigurationIsVisible = 0;
			defaultConfigurationName = Release;
		};
		12D0AD012279EDF3009D1CF7 /* Build configuration list for PBXNativeTarget "ContactCenter" */ = {
			isa = XCConfigurationList;
			buildConfigurations = (
				12D0AD022279EDF3009D1CF7 /* Debug */,
				12D0AD032279EDF3009D1CF7 /* Release */,
			);
			defaultConfigurationIsVisible = 0;
			defaultConfigurationName = Release;
		};
/* End XCConfigurationList section */
	};
	rootObject = 12D0ACE72279EDF3009D1CF7 /* Project object */;
}
